# This file is automatically @generated by Cargo.
# It is not intended for manual editing.
[[package]]
name = "libc"
version = "0.2.60"
source = "registry+https://github.com/rust-lang/crates.io-index"

[[package]]
name = "multicam-server"
version = "0.1.0"
dependencies = [
 "rscam 0.5.5 (registry+https://github.com/rust-lang/crates.io-index)",
]

[[package]]
name = "rscam"
version = "0.5.5"
source = "registry+https://github.com/rust-lang/crates.io-index"
dependencies = [
 "libc 0.2.60 (registry+https://github.com/rust-lang/crates.io-index)",
]

[metadata]
"checksum libc 0.2.60 (registry+https://github.com/rust-lang/crates.io-index)" = "d44e80633f007889c7eff624b709ab43c92d708caad982295768a7b13ca3b5eb"
"checksum rscam 0.5.5 (registry+https://github.com/rust-lang/crates.io-index)" = "89056084211cd54924fedf2e2199b906409d1f795cfd8e7e3271061742457018"
